
Microsoft Visual Studio Solution File, Format Version 12.00
# Visual Studio Version 17
VisualStudioVersion = 17.9.34723.18
MinimumVisualStudioVersion = 10.0.40219.1
Project("{FAE04EC0-301F-11D3-BF4B-00C04F79EFBC}") = "WinFormsApp5", "WinFormsApp5.csproj", "{B08C04B4-6879-4AC4-B933-4548BD8BEE19}"
EndProject
Global
	GlobalSection(SolutionConfigurationPlatforms) = preSolution
		Debug|Any CPU = Debug|Any CPU
		Release|Any CPU = Release|Any CPU
	EndGlobalSection
	GlobalSection(ProjectConfigurationPlatforms) = postSolution
		{B08C04B4-6879-4AC4-B933-4548BD8BEE19}.Debug|Any CPU.ActiveCfg = Debug|Any CPU
		{B08C04B4-6879-4AC4-B933-4548BD8BEE19}.Debug|Any CPU.Build.0 = Debug|Any CPU
		{B08C04B4-6879-4AC4-B933-4548BD8BEE19}.Release|Any CPU.ActiveCfg = Release|Any CPU
		{B08C04B4-6879-4AC4-B933-4548BD8BEE19}.Release|Any CPU.Build.0 = Release|Any CPU
	EndGlobalSection
	GlobalSection(SolutionProperties) = preSolution
		HideSolutionNode = FALSE
	EndGlobalSection
	GlobalSection(ExtensibilityGlobals) = postSolution
		SolutionGuid = {14593F9F-7CB3-4C13-A064-B47597DD1ACA}
	EndGlobalSection
EndGlobal
